{
  "requires": true,
  "lockfileVersion": 1,
  "dependencies": {
    "dom7": {
      "version": "4.0.1",
      "resolved": "https://registry.npmjs.org/dom7/-/dom7-4.0.1.tgz",
      "integrity": "sha512-y/RWjw3gK3qQnZz6IqDaIoqH6+xBhcB3Wsh5HFwl0abwuO/NAgbSB31ZbxtBDcuDe8jAX5NYUNDLTx4Ul48sIw==",
      "requires": {
        "ssr-window": "^4.0.0"
      }
    },
    "http-vue-loader": {
      "version": "1.4.2",
      "resolved": "https://registry.npmjs.org/http-vue-loader/-/http-vue-loader-1.4.2.tgz",
      "integrity": "sha512-2a74yfhaMbWv3rVHDGeZFddtIatgzMDiko67u9FHDMIhL3NNEMQNRw1cgyya/Kz8UFKINpb0y+FiImckVQ0RXw=="
    },
    "ssr-window": {
      "version": "4.0.1",
      "resolved": "https://registry.npmjs.org/ssr-window/-/ssr-window-4.0.1.tgz",
      "integrity": "sha512-5q936lkCk5Lg5hM6tG8Nutdym4vNiuFSWorslTzOn71PWb3Wnx44q/k2Ryn1LWA1G4FtxMzjywUFOiOxPkVGrA=="
    },
    "swiper": {
      "version": "7.3.1",
      "resolved": "https://registry.npmjs.org/swiper/-/swiper-7.3.1.tgz",
      "integrity": "sha512-YHa8uI22UwF9Q6F9tCDSai7/BJo8uVHKampKYAIShlFrWoHfM+sCCn24Yeq3oqIKZv2bfSULzXKsXmh0VpCNeQ==",
      "requires": {
        "dom7": "^4.0.1",
        "ssr-window": "^4.0.1"
      }
    },
    "vue": {
      "version": "2.6.14",
      "resolved": "https://registry.npmjs.org/vue/-/vue-2.6.14.tgz",
      "integrity": "sha512-x2284lgYvjOMj3Za7kqzRcUSxBboHqtgRE2zlos1qWaOye5yUmHn42LB1250NJBLRwEcdrB0JRwyPTEPhfQjiQ=="
    }
  }
}
